
Microsoft Visual Studio Solution File, Format Version 12.00
# Visual Studio Version 17
VisualStudioVersion = 17.4.33110.190
MinimumVisualStudioVersion = 10.0.40219.1
Project("{9A19103F-16F7-4668-BE54-9A1E7A4F7556}") = "WebApiEma", "WebApplication1\WebApiEma.csproj", "{930B981F-2C4A-4500-A975-80AF595D467C}"
EndProject
Project("{9A19103F-16F7-4668-BE54-9A1E7A4F7556}") = "Datos", "Datos\Datos.csproj", "{9B51FC60-AFA6-4BB1-A42B-CB98FD2C6107}"
EndProject
Project("{9A19103F-16F7-4668-BE54-9A1E7A4F7556}") = "Negocio", "Negocio\Negocio.csproj", "{1CBEE37D-C2D2-45C2-B328-466B0451BCCC}"
EndProject
Project("{9A19103F-16F7-4668-BE54-9A1E7A4F7556}") = "Modelos", "Modelos\Modelos.csproj", "{1E0A80EC-7DA1-48A8-8EA7-32BEC8FA134C}"
EndProject
Global
	GlobalSection(SolutionConfigurationPlatforms) = preSolution
		Debug|Any CPU = Debug|Any CPU
		Release|Any CPU = Release|Any CPU
	EndGlobalSection
	GlobalSection(ProjectConfigurationPlatforms) = postSolution
		{930B981F-2C4A-4500-A975-80AF595D467C}.Debug|Any CPU.ActiveCfg = Debug|Any CPU
		{930B981F-2C4A-4500-A975-80AF595D467C}.Debug|Any CPU.Build.0 = Debug|Any CPU
		{930B981F-2C4A-4500-A975-80AF595D467C}.Release|Any CPU.ActiveCfg = Release|Any CPU
		{930B981F-2C4A-4500-A975-80AF595D467C}.Release|Any CPU.Build.0 = Release|Any CPU
		{9B51FC60-AFA6-4BB1-A42B-CB98FD2C6107}.Debug|Any CPU.ActiveCfg = Debug|Any CPU
		{9B51FC60-AFA6-4BB1-A42B-CB98FD2C6107}.Debug|Any CPU.Build.0 = Debug|Any CPU
		{9B51FC60-AFA6-4BB1-A42B-CB98FD2C6107}.Release|Any CPU.ActiveCfg = Release|Any CPU
		{9B51FC60-AFA6-4BB1-A42B-CB98FD2C6107}.Release|Any CPU.Build.0 = Release|Any CPU
		{1CBEE37D-C2D2-45C2-B328-466B0451BCCC}.Debug|Any CPU.ActiveCfg = Debug|Any CPU
		{1CBEE37D-C2D2-45C2-B328-466B0451BCCC}.Debug|Any CPU.Build.0 = Debug|Any CPU
		{1CBEE37D-C2D2-45C2-B328-466B0451BCCC}.Release|Any CPU.ActiveCfg = Release|Any CPU
		{1CBEE37D-C2D2-45C2-B328-466B0451BCCC}.Release|Any CPU.Build.0 = Release|Any CPU
		{1E0A80EC-7DA1-48A8-8EA7-32BEC8FA134C}.Debug|Any CPU.ActiveCfg = Debug|Any CPU
		{1E0A80EC-7DA1-48A8-8EA7-32BEC8FA134C}.Debug|Any CPU.Build.0 = Debug|Any CPU
		{1E0A80EC-7DA1-48A8-8EA7-32BEC8FA134C}.Release|Any CPU.ActiveCfg = Release|Any CPU
		{1E0A80EC-7DA1-48A8-8EA7-32BEC8FA134C}.Release|Any CPU.Build.0 = Release|Any CPU
	EndGlobalSection
	GlobalSection(SolutionProperties) = preSolution
		HideSolutionNode = FALSE
	EndGlobalSection
	GlobalSection(ExtensibilityGlobals) = postSolution
		SolutionGuid = {B19385E6-A086-4FFD-B070-CE1BA810E714}
	EndGlobalSection
EndGlobal
